// !$*UTF8*$!
{
	archiveVersion = 1;
	classes = {
	};
	objectVersion = 56;
	objects = {

/* Begin PBXBuildFile section */
		3675AE3F2CE7F4B800183B60 /* GameHistoryController.swift in Sources */ = {isa = PBXBuildFile; fileRef = 3675AE3E2CE7F4B800183B60 /* GameHistoryController.swift */; };
		3675AE412CE7F5CC00183B60 /* GameHistoryCell.swift in Sources */ = {isa = PBXBuildFile; fileRef = 3675AE402CE7F5CC00183B60 /* GameHistoryCell.swift */; };
		3675AE432CE7FB7600183B60 /* GameHistory.swift in Sources */ = {isa = PBXBuildFile; fileRef = 3675AE422CE7FB7600183B60 /* GameHistory.swift */; };
		36A1483E2CE1688A005A76D0 /* AppDelegate.swift in Sources */ = {isa = PBXBuildFile; fileRef = 36A1483D2CE1688A005A76D0 /* AppDelegate.swift */; };
		36A148402CE1688A005A76D0 /* SceneDelegate.swift in Sources */ = {isa = PBXBuildFile; fileRef = 36A1483F2CE1688A005A76D0 /* SceneDelegate.swift */; };
		36A148422CE1688A005A76D0 /* MainMenuController.swift in Sources */ = {isa = PBXBuildFile; fileRef = 36A148412CE1688A005A76D0 /* MainMenuController.swift */; };
		36A148452CE1688A005A76D0 /* Base in Resources */ = {isa = PBXBuildFile; fileRef = 36A148442CE1688A005A76D0 /* Base */; };
		36A148472CE1688B005A76D0 /* Assets.xcassets in Resources */ = {isa = PBXBuildFile; fileRef = 36A148462CE1688B005A76D0 /* Assets.xcassets */; };
		36A1484A2CE1688B005A76D0 /* Base in Resources */ = {isa = PBXBuildFile; fileRef = 36A148492CE1688B005A76D0 /* Base */; };
		D7810DA62CF40B310063B85F /* GameViewController.swift in Sources */ = {isa = PBXBuildFile; fileRef = D7810DA52CF40B310063B85F /* GameViewController.swift */; };
		D7810DA82CF40B840063B85F /* Constants.swift in Sources */ = {isa = PBXBuildFile; fileRef = D7810DA72CF40B810063B85F /* Constants.swift */; };
		D7810DAA2CF40BF00063B85F /* GameCard.swift in Sources */ = {isa = PBXBuildFile; fileRef = D7810DA92CF40BF00063B85F /* GameCard.swift */; };
		D7810DAC2CF40C2B0063B85F /* CardCollectionViewCell.swift in Sources */ = {isa = PBXBuildFile; fileRef = D7810DAB2CF40C2B0063B85F /* CardCollectionViewCell.swift */; };
/* End PBXBuildFile section */

/* Begin PBXFileReference section */
		3675AE3E2CE7F4B800183B60 /* GameHistoryController.swift */ = {isa = PBXFileReference; lastKnownFileType = sourcecode.swift; path = GameHistoryController.swift; sourceTree = "<group>"; };
		3675AE402CE7F5CC00183B60 /* GameHistoryCell.swift */ = {isa = PBXFileReference; lastKnownFileType = sourcecode.swift; path = GameHistoryCell.swift; sourceTree = "<group>"; };
		3675AE422CE7FB7600183B60 /* GameHistory.swift */ = {isa = PBXFileReference; lastKnownFileType = sourcecode.swift; path = GameHistory.swift; sourceTree = "<group>"; };
		36A1483A2CE1688A005A76D0 /* MemoryGame_iOS.app */ = {isa = PBXFileReference; explicitFileType = wrapper.application; includeInIndex = 0; path = MemoryGame_iOS.app; sourceTree = BUILT_PRODUCTS_DIR; };
		36A1483D2CE1688A005A76D0 /* AppDelegate.swift */ = {isa = PBXFileReference; lastKnownFileType = sourcecode.swift; path = AppDelegate.swift; sourceTree = "<group>"; };
		36A1483F2CE1688A005A76D0 /* SceneDelegate.swift */ = {isa = PBXFileReference; lastKnownFileType = sourcecode.swift; path = SceneDelegate.swift; sourceTree = "<group>"; };
		36A148412CE1688A005A76D0 /* MainMenuController.swift */ = {isa = PBXFileReference; lastKnownFileType = sourcecode.swift; path = MainMenuController.swift; sourceTree = "<group>"; };
		36A148442CE1688A005A76D0 /* Base */ = {isa = PBXFileReference; lastKnownFileType = file.storyboard; name = Base; path = Base.lproj/Main.storyboard; sourceTree = "<group>"; };
		36A148462CE1688B005A76D0 /* Assets.xcassets */ = {isa = PBXFileReference; lastKnownFileType = folder.assetcatalog; path = Assets.xcassets; sourceTree = "<group>"; };
		36A148492CE1688B005A76D0 /* Base */ = {isa = PBXFileReference; lastKnownFileType = file.storyboard; name = Base; path = Base.lproj/LaunchScreen.storyboard; sourceTree = "<group>"; };
		36A1484B2CE1688B005A76D0 /* Info.plist */ = {isa = PBXFileReference; lastKnownFileType = text.plist.xml; path = Info.plist; sourceTree = "<group>"; };
		D7810DA52CF40B310063B85F /* GameViewController.swift */ = {isa = PBXFileReference; lastKnownFileType = sourcecode.swift; path = GameViewController.swift; sourceTree = "<group>"; };
		D7810DA72CF40B810063B85F /* Constants.swift */ = {isa = PBXFileReference; lastKnownFileType = sourcecode.swift; path = Constants.swift; sourceTree = "<group>"; };
		D7810DA92CF40BF00063B85F /* GameCard.swift */ = {isa = PBXFileReference; lastKnownFileType = sourcecode.swift; path = GameCard.swift; sourceTree = "<group>"; };
		D7810DAB2CF40C2B0063B85F /* CardCollectionViewCell.swift */ = {isa = PBXFileReference; lastKnownFileType = sourcecode.swift; path = CardCollectionViewCell.swift; sourceTree = "<group>"; };
/* End PBXFileReference section */

/* Begin PBXFrameworksBuildPhase section */
		36A148372CE1688A005A76D0 /* Frameworks */ = {
			isa = PBXFrameworksBuildPhase;
			buildActionMask = 2147483647;
			files = (
			);
			runOnlyForDeploymentPostprocessing = 0;
		};
/* End PBXFrameworksBuildPhase section */

/* Begin PBXGroup section */
		36A148312CE1688A005A76D0 = {
			isa = PBXGroup;
			children = (
				36A1483C2CE1688A005A76D0 /* MemoryGame_iOS */,
				36A1483B2CE1688A005A76D0 /* Products */,
			);
			sourceTree = "<group>";
		};
		36A1483B2CE1688A005A76D0 /* Products */ = {
			isa = PBXGroup;
			children = (
				36A1483A2CE1688A005A76D0 /* MemoryGame_iOS.app */,
			);
			name = Products;
			sourceTree = "<group>";
		};
		36A1483C2CE1688A005A76D0 /* MemoryGame_iOS */ = {
			isa = PBXGroup;
			children = (
				D7810DA72CF40B810063B85F /* Constants.swift */,
				36A1483D2CE1688A005A76D0 /* AppDelegate.swift */,
				36A1483F2CE1688A005A76D0 /* SceneDelegate.swift */,
				36A148412CE1688A005A76D0 /* MainMenuController.swift */,
				3675AE3E2CE7F4B800183B60 /* GameHistoryController.swift */,
				3675AE402CE7F5CC00183B60 /* GameHistoryCell.swift */,
				3675AE422CE7FB7600183B60 /* GameHistory.swift */,
				36A148432CE1688A005A76D0 /* Main.storyboard */,
				36A148462CE1688B005A76D0 /* Assets.xcassets */,
				36A148482CE1688B005A76D0 /* LaunchScreen.storyboard */,
				36A1484B2CE1688B005A76D0 /* Info.plist */,
				D7810DA52CF40B310063B85F /* GameViewController.swift */,
				D7810DA92CF40BF00063B85F /* GameCard.swift */,
				D7810DAB2CF40C2B0063B85F /* CardCollectionViewCell.swift */,
			);
			path = MemoryGame_iOS;
			sourceTree = "<group>";
		};
/* End PBXGroup section */

/* Begin PBXNativeTarget section */
		36A148392CE1688A005A76D0 /* MemoryGame_iOS */ = {
			isa = PBXNativeTarget;
			buildConfigurationList = 36A1484E2CE1688B005A76D0 /* Build configuration list for PBXNativeTarget "MemoryGame_iOS" */;
			buildPhases = (
				36A148362CE1688A005A76D0 /* Sources */,
				36A148372CE1688A005A76D0 /* Frameworks */,
				36A148382CE1688A005A76D0 /* Resources */,
			);
			buildRules = (
			);
			dependencies = (
			);
			name = MemoryGame_iOS;
			productName = MemoryGame_iOS;
			productReference = 36A1483A2CE1688A005A76D0 /* MemoryGame_iOS.app */;
			productType = "com.apple.product-type.application";
		};
/* End PBXNativeTarget section */

/* Begin PBXProject section */
		36A148322CE1688A005A76D0 /* Project object */ = {
			isa = PBXProject;
			attributes = {
				BuildIndependentTargetsInParallel = 1;
				LastSwiftUpdateCheck = 1530;
				LastUpgradeCheck = 1530;
				TargetAttributes = {
					36A148392CE1688A005A76D0 = {
						CreatedOnToolsVersion = 15.3;
					};
				};
			};
			buildConfigurationList = 36A148352CE1688A005A76D0 /* Build configuration list for PBXProject "MemoryGame_iOS" */;
			compatibilityVersion = "Xcode 14.0";
			developmentRegion = en;
			hasScannedForEncodings = 0;
			knownRegions = (
				en,
				Base,
			);
			mainGroup = 36A148312CE1688A005A76D0;
			productRefGroup = 36A1483B2CE1688A005A76D0 /* Products */;
			projectDirPath = "";
			projectRoot = "";
			targets = (
				36A148392CE1688A005A76D0 /* MemoryGame_iOS */,
			);
		};
/* End PBXProject section */

/* Begin PBXResourcesBuildPhase section */
		36A148382CE1688A005A76D0 /* Resources */ = {
			isa = PBXResourcesBuildPhase;
			buildActionMask = 2147483647;
			files = (
				36A148472CE1688B005A76D0 /* Assets.xcassets in Resources */,
				36A1484A2CE1688B005A76D0 /* Base in Resources */,
				36A148452CE1688A005A76D0 /* Base in Resources */,
			);
			runOnlyForDeploymentPostprocessing = 0;
		};
/* End PBXResourcesBuildPhase section */

/* Begin PBXSourcesBuildPhase section */
		36A148362CE1688A005A76D0 /* Sources */ = {
			isa = PBXSourcesBuildPhase;
			buildActionMask = 2147483647;
			files = (
				D7810DA62CF40B310063B85F /* GameViewController.swift in Sources */,
				D7810DAA2CF40BF00063B85F /* GameCard.swift in Sources */,
				36A148422CE1688A005A76D0 /* MainMenuController.swift in Sources */,
				36A1483E2CE1688A005A76D0 /* AppDelegate.swift in Sources */,
				3675AE412CE7F5CC00183B60 /* GameHistoryCell.swift in Sources */,
				3675AE3F2CE7F4B800183B60 /* GameHistoryController.swift in Sources */,
				3675AE432CE7FB7600183B60 /* GameHistory.swift in Sources */,
				36A148402CE1688A005A76D0 /* SceneDelegate.swift in Sources */,
				D7810DAC2CF40C2B0063B85F /* CardCollectionViewCell.swift in Sources */,
				D7810DA82CF40B840063B85F /* Constants.swift in Sources */,
			);
			runOnlyForDeploymentPostprocessing = 0;
		};
/* End PBXSourcesBuildPhase section */

/* Begin PBXVariantGroup section */
		36A148432CE1688A005A76D0 /* Main.storyboard */ = {
			isa = PBXVariantGroup;
			children = (
				36A148442CE1688A005A76D0 /* Base */,
			);
			name = Main.storyboard;
			sourceTree = "<group>";
		};
		36A148482CE1688B005A76D0 /* LaunchScreen.storyboard */ = {
			isa = PBXVariantGroup;
			children = (
				36A148492CE1688B005A76D0 /* Base */,
			);
			name = LaunchScreen.storyboard;
			sourceTree = "<group>";
		};
/* End PBXVariantGroup section */

/* Begin XCBuildConfiguration section */
		36A1484C2CE1688B005A76D0 /* Debug */ = {
			isa = XCBuildConfiguration;
			buildSettings = {
				ALWAYS_SEARCH_USER_PATHS = NO;
				ASSETCATALOG_COMPILER_GENERATE_SWIFT_ASSET_SYMBOL_EXTENSIONS = YES;
				CLANG_ANALYZER_NONNULL = YES;
				CLANG_ANALYZER_NUMBER_OBJECT_CONVERSION = YES_AGGRESSIVE;
				CLANG_CXX_LANGUAGE_STANDARD = "gnu++20";
				CLANG_ENABLE_MODULES = YES;
				CLANG_ENABLE_OBJC_ARC = YES;
				CLANG_ENABLE_OBJC_WEAK = YES;
				CLANG_WARN_BLOCK_CAPTURE_AUTORELEASING = YES;
				CLANG_WARN_BOOL_CONVERSION = YES;
				CLANG_WARN_COMMA = YES;
				CLANG_WARN_CONSTANT_CONVERSION = YES;
				CLANG_WARN_DEPRECATED_OBJC_IMPLEMENTATIONS = YES;
				CLANG_WARN_DIRECT_OBJC_ISA_USAGE = YES_ERROR;
				CLANG_WARN_DOCUMENTATION_COMMENTS = YES;
				CLANG_WARN_EMPTY_BODY = YES;
				CLANG_WARN_ENUM_CONVERSION = YES;
				CLANG_WARN_INFINITE_RECURSION = YES;
				CLANG_WARN_INT_CONVERSION = YES;
				CLANG_WARN_NON_LITERAL_NULL_CONVERSION = YES;
				CLANG_WARN_OBJC_IMPLICIT_RETAIN_SELF = YES;
				CLANG_WARN_OBJC_LITERAL_CONVERSION = YES;
				CLANG_WARN_OBJC_ROOT_CLASS = YES_ERROR;
				CLANG_WARN_QUOTED_INCLUDE_IN_FRAMEWORK_HEADER = YES;
				CLANG_WARN_RANGE_LOOP_ANALYSIS = YES;
				CLANG_WARN_STRICT_PROTOTYPES = YES;
				CLANG_WARN_SUSPICIOUS_MOVE = YES;
				CLANG_WARN_UNGUARDED_AVAILABILITY = YES_AGGRESSIVE;
				CLANG_WARN_UNREACHABLE_CODE = YES;
				CLANG_WARN__DUPLICATE_METHOD_MATCH = YES;
				COPY_PHASE_STRIP = NO;
				DEBUG_INFORMATION_FORMAT = dwarf;
				ENABLE_STRICT_OBJC_MSGSEND = YES;
				ENABLE_TESTABILITY = YES;
				ENABLE_USER_SCRIPT_SANDBOXING = YES;
				GCC_C_LANGUAGE_STANDARD = gnu17;
				GCC_DYNAMIC_NO_PIC = NO;
				GCC_NO_COMMON_BLOCKS = YES;
				GCC_OPTIMIZATION_LEVEL = 0;
				GCC_PREPROCESSOR_DEFINITIONS = (
					"DEBUG=1",
					"$(inherited)",
				);
				GCC_WARN_64_TO_32_BIT_CONVERSION = YES;
				GCC_WARN_ABOUT_RETURN_TYPE = YES_ERROR;
				GCC_WARN_UNDECLARED_SELECTOR = YES;
				GCC_WARN_UNINITIALIZED_AUTOS = YES_AGGRESSIVE;
				GCC_WARN_UNUSED_FUNCTION = YES;
				GCC_WARN_UNUSED_VARIABLE = YES;
				IPHONEOS_DEPLOYMENT_TARGET = 17.4;
				LOCALIZATION_PREFERS_STRING_CATALOGS = YES;
				MTL_ENABLE_DEBUG_INFO = INCLUDE_SOURCE;
				MTL_FAST_MATH = YES;
				ONLY_ACTIVE_ARCH = YES;
				SDKROOT = iphoneos;
				SWIFT_ACTIVE_COMPILATION_CONDITIONS = "DEBUG $(inherited)";
				SWIFT_OPTIMIZATION_LEVEL = "-Onone";
			};
			name = Debug;
		};
		36A1484D2CE1688B005A76D0 /* Release */ = {
			isa = XCBuildConfiguration;
			buildSettings = {
				ALWAYS_SEARCH_USER_PATHS = NO;
				ASSETCATALOG_COMPILER_GENERATE_SWIFT_ASSET_SYMBOL_EXTENSIONS = YES;
				CLANG_ANALYZER_NONNULL = YES;
				CLANG_ANALYZER_NUMBER_OBJECT_CONVERSION = YES_AGGRESSIVE;
				CLANG_CXX_LANGUAGE_STANDARD = "gnu++20";
				CLANG_ENABLE_MODULES = YES;
				CLANG_ENABLE_OBJC_ARC = YES;
				CLANG_ENABLE_OBJC_WEAK = YES;
				CLANG_WARN_BLOCK_CAPTURE_AUTORELEASING = YES;
				CLANG_WARN_BOOL_CONVERSION = YES;
				CLANG_WARN_COMMA = YES;
				CLANG_WARN_CONSTANT_CONVERSION = YES;
				CLANG_WARN_DEPRECATED_OBJC_IMPLEMENTATIONS = YES;
				CLANG_WARN_DIRECT_OBJC_ISA_USAGE = YES_ERROR;
				CLANG_WARN_DOCUMENTATION_COMMENTS = YES;
				CLANG_WARN_EMPTY_BODY = YES;
				CLANG_WARN_ENUM_CONVERSION = YES;
				CLANG_WARN_INFINITE_RECURSION = YES;
				CLANG_WARN_INT_CONVERSION = YES;
				CLANG_WARN_NON_LITERAL_NULL_CONVERSION = YES;
				CLANG_WARN_OBJC_IMPLICIT_RETAIN_SELF = YES;
				CLANG_WARN_OBJC_LITERAL_CONVERSION = YES;
				CLANG_WARN_OBJC_ROOT_CLASS = YES_ERROR;
				CLANG_WARN_QUOTED_INCLUDE_IN_FRAMEWORK_HEADER = YES;
				CLANG_WARN_RANGE_LOOP_ANALYSIS = YES;
				CLANG_WARN_STRICT_PROTOTYPES = YES;
				CLANG_WARN_SUSPICIOUS_MOVE = YES;
				CLANG_WARN_UNGUARDED_AVAILABILITY = YES_AGGRESSIVE;
				CLANG_WARN_UNREACHABLE_CODE = YES;
				CLANG_WARN__DUPLICATE_METHOD_MATCH = YES;
				COPY_PHASE_STRIP = NO;
				DEBUG_INFORMATION_FORMAT = "dwarf-with-dsym";
				ENABLE_NS_ASSERTIONS = NO;
				ENABLE_STRICT_OBJC_MSGSEND = YES;
				ENABLE_USER_SCRIPT_SANDBOXING = YES;
				GCC_C_LANGUAGE_STANDARD = gnu17;
				GCC_NO_COMMON_BLOCKS = YES;
				GCC_WARN_64_TO_32_BIT_CONVERSION = YES;
				GCC_WARN_ABOUT_RETURN_TYPE = YES_ERROR;
				GCC_WARN_UNDECLARED_SELECTOR = YES;
				GCC_WARN_UNINITIALIZED_AUTOS = YES_AGGRESSIVE;
				GCC_WARN_UNUSED_FUNCTION = YES;
				GCC_WARN_UNUSED_VARIABLE = YES;
				IPHONEOS_DEPLOYMENT_TARGET = 17.4;
				LOCALIZATION_PREFERS_STRING_CATALOGS = YES;
				MTL_ENABLE_DEBUG_INFO = NO;
				MTL_FAST_MATH = YES;
				SDKROOT = iphoneos;
				SWIFT_COMPILATION_MODE = wholemodule;
				VALIDATE_PRODUCT = YES;
			};
			name = Release;
		};
		36A1484F2CE1688B005A76D0 /* Debug */ = {
			isa = XCBuildConfiguration;
			buildSettings = {
				ASSETCATALOG_COMPILER_APPICON_NAME = AppIcon;
				ASSETCATALOG_COMPILER_GLOBAL_ACCENT_COLOR_NAME = AccentColor;
				CODE_SIGN_STYLE = Automatic;
				CURRENT_PROJECT_VERSION = 1;
				GENERATE_INFOPLIST_FILE = YES;
				INFOPLIST_FILE = MemoryGame_iOS/Info.plist;
				INFOPLIST_KEY_UIApplicationSupportsIndirectInputEvents = YES;
				INFOPLIST_KEY_UILaunchStoryboardName = LaunchScreen;
				INFOPLIST_KEY_UIMainStoryboardFile = Main;
				INFOPLIST_KEY_UISupportedInterfaceOrientations_iPad = "UIInterfaceOrientationPortrait UIInterfaceOrientationPortraitUpsideDown UIInterfaceOrientationLandscapeLeft UIInterfaceOrientationLandscapeRight";
				INFOPLIST_KEY_UISupportedInterfaceOrientations_iPhone = "UIInterfaceOrientationPortrait UIInterfaceOrientationLandscapeLeft UIInterfaceOrientationLandscapeRight";
				LD_RUNPATH_SEARCH_PATHS = (
					"$(inherited)",
					"@executable_path/Frameworks",
				);
				MARKETING_VERSION = 1.0;
				PRODUCT_BUNDLE_IDENTIFIER = "MDEV1006F24.MemoryGame-iOS";
				PRODUCT_NAME = "$(TARGET_NAME)";
				SWIFT_EMIT_LOC_STRINGS = YES;
				SWIFT_VERSION = 5.0;
				TARGETED_DEVICE_FAMILY = "1,2";
			};
			name = Debug;
		};
		36A148502CE1688B005A76D0 /* Release */ = {
			isa = XCBuildConfiguration;
			buildSettings = {
				ASSETCATALOG_COMPILER_APPICON_NAME = AppIcon;
				ASSETCATALOG_COMPILER_GLOBAL_ACCENT_COLOR_NAME = AccentColor;
				CODE_SIGN_STYLE = Automatic;
				CURRENT_PROJECT_VERSION = 1;
				GENERATE_INFOPLIST_FILE = YES;
				INFOPLIST_FILE = MemoryGame_iOS/Info.plist;
				INFOPLIST_KEY_UIApplicationSupportsIndirectInputEvents = YES;
				INFOPLIST_KEY_UILaunchStoryboardName = LaunchScreen;
				INFOPLIST_KEY_UIMainStoryboardFile = Main;
				INFOPLIST_KEY_UISupportedInterfaceOrientations_iPad = "UIInterfaceOrientationPortrait UIInterfaceOrientationPortraitUpsideDown UIInterfaceOrientationLandscapeLeft UIInterfaceOrientationLandscapeRight";
				INFOPLIST_KEY_UISupportedInterfaceOrientations_iPhone = "UIInterfaceOrientationPortrait UIInterfaceOrientationLandscapeLeft UIInterfaceOrientationLandscapeRight";
				LD_RUNPATH_SEARCH_PATHS = (
					"$(inherited)",
					"@executable_path/Frameworks",
				);
				MARKETING_VERSION = 1.0;
				PRODUCT_BUNDLE_IDENTIFIER = "MDEV1006F24.MemoryGame-iOS";
				PRODUCT_NAME = "$(TARGET_NAME)";
				SWIFT_EMIT_LOC_STRINGS = YES;
				SWIFT_VERSION = 5.0;
				TARGETED_DEVICE_FAMILY = "1,2";
			};
			name = Release;
		};
/* End XCBuildConfiguration section */

/* Begin XCConfigurationList section */
		36A148352CE1688A005A76D0 /* Build configuration list for PBXProject "MemoryGame_iOS" */ = {
			isa = XCConfigurationList;
			buildConfigurations = (
				36A1484C2CE1688B005A76D0 /* Debug */,
				36A1484D2CE1688B005A76D0 /* Release */,
			);
			defaultConfigurationIsVisible = 0;
			defaultConfigurationName = Release;
		};
		36A1484E2CE1688B005A76D0 /* Build configuration list for PBXNativeTarget "MemoryGame_iOS" */ = {
			isa = XCConfigurationList;
			buildConfigurations = (
				36A1484F2CE1688B005A76D0 /* Debug */,
				36A148502CE1688B005A76D0 /* Release */,
			);
			defaultConfigurationIsVisible = 0;
			defaultConfigurationName = Release;
		};
/* End XCConfigurationList section */
	};
	rootObject = 36A148322CE1688A005A76D0 /* Project object */;
}
